
Microsoft Visual Studio Solution File, Format Version 12.00
Project("{FAE04EC0-301F-11D3-BF4B-00C04F79EFBC}") = "Bookings.Api", "Bookings.Api\Bookings.Api.csproj", "{AAFDD4B9-4145-45B1-8F6B-1F36E187B8E9}"
EndProject
Project("{FAE04EC0-301F-11D3-BF4B-00C04F79EFBC}") = "Bookings.Infrastructure", "Bookings.Infrastructure\Bookings.Infrastructure.csproj", "{3D4C89B3-F8C5-4576-B8CA-0438A0E8C8C3}"
EndProject
Project("{FAE04EC0-301F-11D3-BF4B-00C04F79EFBC}") = "Bookings.Application", "Bookings.Application\Bookings.Application.csproj", "{BD4DCAD6-30A4-4DEC-B775-C64492503229}"
EndProject
Project("{FAE04EC0-301F-11D3-BF4B-00C04F79EFBC}") = "Bookings.Domain", "Bookings.Domain\Bookings.Domain.csproj", "{F38FA4C1-0D63-482C-A04A-0D33D491A5C6}"
EndProject
Global
	GlobalSection(SolutionConfigurationPlatforms) = preSolution
		Debug|Any CPU = Debug|Any CPU
		Release|Any CPU = Release|Any CPU
	EndGlobalSection
	GlobalSection(ProjectConfigurationPlatforms) = postSolution
		{AAFDD4B9-4145-45B1-8F6B-1F36E187B8E9}.Debug|Any CPU.ActiveCfg = Debug|Any CPU
		{AAFDD4B9-4145-45B1-8F6B-1F36E187B8E9}.Debug|Any CPU.Build.0 = Debug|Any CPU
		{AAFDD4B9-4145-45B1-8F6B-1F36E187B8E9}.Release|Any CPU.ActiveCfg = Release|Any CPU
		{AAFDD4B9-4145-45B1-8F6B-1F36E187B8E9}.Release|Any CPU.Build.0 = Release|Any CPU
		{3D4C89B3-F8C5-4576-B8CA-0438A0E8C8C3}.Debug|Any CPU.ActiveCfg = Debug|Any CPU
		{3D4C89B3-F8C5-4576-B8CA-0438A0E8C8C3}.Debug|Any CPU.Build.0 = Debug|Any CPU
		{3D4C89B3-F8C5-4576-B8CA-0438A0E8C8C3}.Release|Any CPU.ActiveCfg = Release|Any CPU
		{3D4C89B3-F8C5-4576-B8CA-0438A0E8C8C3}.Release|Any CPU.Build.0 = Release|Any CPU
		{BD4DCAD6-30A4-4DEC-B775-C64492503229}.Debug|Any CPU.ActiveCfg = Debug|Any CPU
		{BD4DCAD6-30A4-4DEC-B775-C64492503229}.Debug|Any CPU.Build.0 = Debug|Any CPU
		{BD4DCAD6-30A4-4DEC-B775-C64492503229}.Release|Any CPU.ActiveCfg = Release|Any CPU
		{BD4DCAD6-30A4-4DEC-B775-C64492503229}.Release|Any CPU.Build.0 = Release|Any CPU
		{F38FA4C1-0D63-482C-A04A-0D33D491A5C6}.Debug|Any CPU.ActiveCfg = Debug|Any CPU
		{F38FA4C1-0D63-482C-A04A-0D33D491A5C6}.Debug|Any CPU.Build.0 = Debug|Any CPU
		{F38FA4C1-0D63-482C-A04A-0D33D491A5C6}.Release|Any CPU.ActiveCfg = Release|Any CPU
		{F38FA4C1-0D63-482C-A04A-0D33D491A5C6}.Release|Any CPU.Build.0 = Release|Any CPU
	EndGlobalSection
EndGlobal
